
Microsoft Visual Studio Solution File, Format Version 12.00
# Visual Studio Version 17
VisualStudioVersion = 17.12.35707.178
MinimumVisualStudioVersion = 10.0.40219.1
Project("{FAE04EC0-301F-11D3-BF4B-00C04F79EFBC}") = "InMemory.Caching", "InMemory.Caching\InMemory.Caching.csproj", "{C6AF3211-64C9-40FD-BA4F-C01D418CFAF0}"
EndProject
Project("{2150E333-8FDC-42A3-9474-1A3956D46DE8}") = "Solution Items", "Solution Items", "{5A4591C3-3ABA-48AB-9C38-4CA82072632D}"
	ProjectSection(SolutionItems) = preProject
		.gitignore = .gitignore
	EndProjectSection
EndProject
Project("{FAE04EC0-301F-11D3-BF4B-00C04F79EFBC}") = "Distributed.Caching", "Distributed.Caching\Distributed.Caching.csproj", "{950C43A6-82C2-4F4D-AE57-35C28A4BFE5F}"
EndProject
Project("{FAE04EC0-301F-11D3-BF4B-00C04F79EFBC}") = "Redis.Pub.Sub.Publisher", "Redis.Pub.Sub.Publisher\Redis.Pub.Sub.Publisher.csproj", "{8742746D-0BF0-4054-8CDC-8EAF18688864}"
EndProject
Project("{FAE04EC0-301F-11D3-BF4B-00C04F79EFBC}") = "Redis.Pub.Sub.Subscriber", "Redis.Pub.Sub.Subscriber\Redis.Pub.Sub.Subscriber.csproj", "{9F548FF4-9CCB-46FA-BAC2-A5FFE132B3E7}"
EndProject
Global
	GlobalSection(SolutionConfigurationPlatforms) = preSolution
		Debug|Any CPU = Debug|Any CPU
		Release|Any CPU = Release|Any CPU
	EndGlobalSection
	GlobalSection(ProjectConfigurationPlatforms) = postSolution
		{C6AF3211-64C9-40FD-BA4F-C01D418CFAF0}.Debug|Any CPU.ActiveCfg = Debug|Any CPU
		{C6AF3211-64C9-40FD-BA4F-C01D418CFAF0}.Debug|Any CPU.Build.0 = Debug|Any CPU
		{C6AF3211-64C9-40FD-BA4F-C01D418CFAF0}.Release|Any CPU.ActiveCfg = Release|Any CPU
		{C6AF3211-64C9-40FD-BA4F-C01D418CFAF0}.Release|Any CPU.Build.0 = Release|Any CPU
		{950C43A6-82C2-4F4D-AE57-35C28A4BFE5F}.Debug|Any CPU.ActiveCfg = Debug|Any CPU
		{950C43A6-82C2-4F4D-AE57-35C28A4BFE5F}.Debug|Any CPU.Build.0 = Debug|Any CPU
		{950C43A6-82C2-4F4D-AE57-35C28A4BFE5F}.Release|Any CPU.ActiveCfg = Release|Any CPU
		{950C43A6-82C2-4F4D-AE57-35C28A4BFE5F}.Release|Any CPU.Build.0 = Release|Any CPU
		{8742746D-0BF0-4054-8CDC-8EAF18688864}.Debug|Any CPU.ActiveCfg = Debug|Any CPU
		{8742746D-0BF0-4054-8CDC-8EAF18688864}.Debug|Any CPU.Build.0 = Debug|Any CPU
		{8742746D-0BF0-4054-8CDC-8EAF18688864}.Release|Any CPU.ActiveCfg = Release|Any CPU
		{8742746D-0BF0-4054-8CDC-8EAF18688864}.Release|Any CPU.Build.0 = Release|Any CPU
		{9F548FF4-9CCB-46FA-BAC2-A5FFE132B3E7}.Debug|Any CPU.ActiveCfg = Debug|Any CPU
		{9F548FF4-9CCB-46FA-BAC2-A5FFE132B3E7}.Debug|Any CPU.Build.0 = Debug|Any CPU
		{9F548FF4-9CCB-46FA-BAC2-A5FFE132B3E7}.Release|Any CPU.ActiveCfg = Release|Any CPU
		{9F548FF4-9CCB-46FA-BAC2-A5FFE132B3E7}.Release|Any CPU.Build.0 = Release|Any CPU
	EndGlobalSection
	GlobalSection(SolutionProperties) = preSolution
		HideSolutionNode = FALSE
	EndGlobalSection
EndGlobal
